
Microsoft Visual Studio Solution File, Format Version 12.00
# Visual Studio Version 17
VisualStudioVersion = 17.9.34728.123
MinimumVisualStudioVersion = 10.0.40219.1
Project("{2150E333-8FDC-42A3-9474-1A3956D46DE8}") = "AA plantillas", "AA plantillas", "{C3D4ADAE-0727-49FD-968D-A4E524BE9699}"
	ProjectSection(SolutionItems) = preProject
		casosIlimitados.c = casosIlimitados.c
		centinela.c = centinela.c
		numCasos.c = numCasos.c
	EndProjectSection
EndProject
Project("{8BC9CEB8-8B4A-11D0-8D11-00A0C91BC942}") = "Ej_07", "Ej_07\Ej_07.vcxproj", "{1C276956-D2AD-4F48-BC25-C62B5347DB21}"
EndProject
Project("{8BC9CEB8-8B4A-11D0-8D11-00A0C91BC942}") = "Ej_08", "Ej_08\Ej_08.vcxproj", "{A8611039-7F50-4EB8-B504-BF46D899F296}"
EndProject
Project("{8BC9CEB8-8B4A-11D0-8D11-00A0C91BC942}") = "Ej_09", "Ej_09\Ej_09.vcxproj", "{5A2B3326-EB6C-42E2-BB21-F8B0019E26BE}"
EndProject
Project("{8BC9CEB8-8B4A-11D0-8D11-00A0C91BC942}") = "Ej_10", "Ej_10\Ej_10.vcxproj", "{79B31B50-0075-49CA-87F9-8E13B8619427}"
EndProject
Project("{8BC9CEB8-8B4A-11D0-8D11-00A0C91BC942}") = "Ej_11", "Ej_11\Ej_11.vcxproj", "{490B8469-A031-4DF9-B409-1727696023A3}"
EndProject
Project("{8BC9CEB8-8B4A-11D0-8D11-00A0C91BC942}") = "Ej_13", "Ej_13\Ej_13.vcxproj", "{4A084C67-3974-4CDD-AB92-05676BB6C837}"
EndProject
Project("{8BC9CEB8-8B4A-11D0-8D11-00A0C91BC942}") = "Ej_01", "Ej_01\Ej_01.vcxproj", "{6CF42DC5-F975-4524-83E8-5E24FE9829E7}"
EndProject
Project("{8BC9CEB8-8B4A-11D0-8D11-00A0C91BC942}") = "Ej_02", "Ej_02\Ej_02.vcxproj", "{128ECE0E-4AB3-42AF-98CA-A807E595C536}"
EndProject
Project("{8BC9CEB8-8B4A-11D0-8D11-00A0C91BC942}") = "Ej_03", "Ej_03\Ej_03.vcxproj", "{2BA34EA3-47E6-4976-88F4-57E0FF9FB8ED}"
EndProject
Project("{8BC9CEB8-8B4A-11D0-8D11-00A0C91BC942}") = "Ej_04", "Ej_04\Ej_04.vcxproj", "{47060401-D289-4EDB-B114-127F7534D578}"
EndProject
Project("{8BC9CEB8-8B4A-11D0-8D11-00A0C91BC942}") = "Ej_05", "Ej_05\Ej_05.vcxproj", "{8D0893F7-D93C-4C63-8E25-06A6199A6865}"
EndProject
Project("{8BC9CEB8-8B4A-11D0-8D11-00A0C91BC942}") = "Ej_06", "Ej_06\Ej_06.vcxproj", "{C90ACC10-FAB3-43A9-A6D3-2397B9EE4115}"
EndProject
Project("{8BC9CEB8-8B4A-11D0-8D11-00A0C91BC942}") = "Ej_14", "Ej_14\Ej_14.vcxproj", "{8F5A3103-F750-4031-9469-BBBD2EBB5C7A}"
EndProject
Project("{8BC9CEB8-8B4A-11D0-8D11-00A0C91BC942}") = "Ej_15", "Ej_15\Ej_15.vcxproj", "{AC6CB990-CCC2-4298-9795-991E4A9DD2FC}"
EndProject
Global
	GlobalSection(SolutionConfigurationPlatforms) = preSolution
		Debug|x64 = Debug|x64
		Debug|x86 = Debug|x86
		Release|x64 = Release|x64
		Release|x86 = Release|x86
	EndGlobalSection
	GlobalSection(ProjectConfigurationPlatforms) = postSolution
		{1C276956-D2AD-4F48-BC25-C62B5347DB21}.Debug|x64.ActiveCfg = Debug|x64
		{1C276956-D2AD-4F48-BC25-C62B5347DB21}.Debug|x64.Build.0 = Debug|x64
		{1C276956-D2AD-4F48-BC25-C62B5347DB21}.Debug|x86.ActiveCfg = Debug|Win32
		{1C276956-D2AD-4F48-BC25-C62B5347DB21}.Debug|x86.Build.0 = Debug|Win32
		{1C276956-D2AD-4F48-BC25-C62B5347DB21}.Release|x64.ActiveCfg = Release|x64
		{1C276956-D2AD-4F48-BC25-C62B5347DB21}.Release|x64.Build.0 = Release|x64
		{1C276956-D2AD-4F48-BC25-C62B5347DB21}.Release|x86.ActiveCfg = Release|Win32
		{1C276956-D2AD-4F48-BC25-C62B5347DB21}.Release|x86.Build.0 = Release|Win32
		{A8611039-7F50-4EB8-B504-BF46D899F296}.Debug|x64.ActiveCfg = Debug|x64
		{A8611039-7F50-4EB8-B504-BF46D899F296}.Debug|x64.Build.0 = Debug|x64
		{A8611039-7F50-4EB8-B504-BF46D899F296}.Debug|x86.ActiveCfg = Debug|Win32
		{A8611039-7F50-4EB8-B504-BF46D899F296}.Debug|x86.Build.0 = Debug|Win32
		{A8611039-7F50-4EB8-B504-BF46D899F296}.Release|x64.ActiveCfg = Release|x64
		{A8611039-7F50-4EB8-B504-BF46D899F296}.Release|x64.Build.0 = Release|x64
		{A8611039-7F50-4EB8-B504-BF46D899F296}.Release|x86.ActiveCfg = Release|Win32
		{A8611039-7F50-4EB8-B504-BF46D899F296}.Release|x86.Build.0 = Release|Win32
		{5A2B3326-EB6C-42E2-BB21-F8B0019E26BE}.Debug|x64.ActiveCfg = Debug|x64
		{5A2B3326-EB6C-42E2-BB21-F8B0019E26BE}.Debug|x64.Build.0 = Debug|x64
		{5A2B3326-EB6C-42E2-BB21-F8B0019E26BE}.Debug|x86.ActiveCfg = Debug|Win32
		{5A2B3326-EB6C-42E2-BB21-F8B0019E26BE}.Debug|x86.Build.0 = Debug|Win32
		{5A2B3326-EB6C-42E2-BB21-F8B0019E26BE}.Release|x64.ActiveCfg = Release|x64
		{5A2B3326-EB6C-42E2-BB21-F8B0019E26BE}.Release|x64.Build.0 = Release|x64
		{5A2B3326-EB6C-42E2-BB21-F8B0019E26BE}.Release|x86.ActiveCfg = Release|Win32
		{5A2B3326-EB6C-42E2-BB21-F8B0019E26BE}.Release|x86.Build.0 = Release|Win32
		{79B31B50-0075-49CA-87F9-8E13B8619427}.Debug|x64.ActiveCfg = Debug|x64
		{79B31B50-0075-49CA-87F9-8E13B8619427}.Debug|x64.Build.0 = Debug|x64
		{79B31B50-0075-49CA-87F9-8E13B8619427}.Debug|x86.ActiveCfg = Debug|Win32
		{79B31B50-0075-49CA-87F9-8E13B8619427}.Debug|x86.Build.0 = Debug|Win32
		{79B31B50-0075-49CA-87F9-8E13B8619427}.Release|x64.ActiveCfg = Release|x64
		{79B31B50-0075-49CA-87F9-8E13B8619427}.Release|x64.Build.0 = Release|x64
		{79B31B50-0075-49CA-87F9-8E13B8619427}.Release|x86.ActiveCfg = Release|Win32
		{79B31B50-0075-49CA-87F9-8E13B8619427}.Release|x86.Build.0 = Release|Win32
		{490B8469-A031-4DF9-B409-1727696023A3}.Debug|x64.ActiveCfg = Debug|x64
		{490B8469-A031-4DF9-B409-1727696023A3}.Debug|x64.Build.0 = Debug|x64
		{490B8469-A031-4DF9-B409-1727696023A3}.Debug|x86.ActiveCfg = Debug|Win32
		{490B8469-A031-4DF9-B409-1727696023A3}.Debug|x86.Build.0 = Debug|Win32
		{490B8469-A031-4DF9-B409-1727696023A3}.Release|x64.ActiveCfg = Release|x64
		{490B8469-A031-4DF9-B409-1727696023A3}.Release|x64.Build.0 = Release|x64
		{490B8469-A031-4DF9-B409-1727696023A3}.Release|x86.ActiveCfg = Release|Win32
		{490B8469-A031-4DF9-B409-1727696023A3}.Release|x86.Build.0 = Release|Win32
		{4A084C67-3974-4CDD-AB92-05676BB6C837}.Debug|x64.ActiveCfg = Debug|x64
		{4A084C67-3974-4CDD-AB92-05676BB6C837}.Debug|x64.Build.0 = Debug|x64
		{4A084C67-3974-4CDD-AB92-05676BB6C837}.Debug|x86.ActiveCfg = Debug|Win32
		{4A084C67-3974-4CDD-AB92-05676BB6C837}.Debug|x86.Build.0 = Debug|Win32
		{4A084C67-3974-4CDD-AB92-05676BB6C837}.Release|x64.ActiveCfg = Release|x64
		{4A084C67-3974-4CDD-AB92-05676BB6C837}.Release|x64.Build.0 = Release|x64
		{4A084C67-3974-4CDD-AB92-05676BB6C837}.Release|x86.ActiveCfg = Release|Win32
		{4A084C67-3974-4CDD-AB92-05676BB6C837}.Release|x86.Build.0 = Release|Win32
		{6CF42DC5-F975-4524-83E8-5E24FE9829E7}.Debug|x64.ActiveCfg = Debug|x64
		{6CF42DC5-F975-4524-83E8-5E24FE9829E7}.Debug|x64.Build.0 = Debug|x64
		{6CF42DC5-F975-4524-83E8-5E24FE9829E7}.Debug|x86.ActiveCfg = Debug|Win32
		{6CF42DC5-F975-4524-83E8-5E24FE9829E7}.Debug|x86.Build.0 = Debug|Win32
		{6CF42DC5-F975-4524-83E8-5E24FE9829E7}.Release|x64.ActiveCfg = Release|x64
		{6CF42DC5-F975-4524-83E8-5E24FE9829E7}.Release|x64.Build.0 = Release|x64
		{6CF42DC5-F975-4524-83E8-5E24FE9829E7}.Release|x86.ActiveCfg = Release|Win32
		{6CF42DC5-F975-4524-83E8-5E24FE9829E7}.Release|x86.Build.0 = Release|Win32
		{128ECE0E-4AB3-42AF-98CA-A807E595C536}.Debug|x64.ActiveCfg = Debug|x64
		{128ECE0E-4AB3-42AF-98CA-A807E595C536}.Debug|x64.Build.0 = Debug|x64
		{128ECE0E-4AB3-42AF-98CA-A807E595C536}.Debug|x86.ActiveCfg = Debug|Win32
		{128ECE0E-4AB3-42AF-98CA-A807E595C536}.Debug|x86.Build.0 = Debug|Win32
		{128ECE0E-4AB3-42AF-98CA-A807E595C536}.Release|x64.ActiveCfg = Release|x64
		{128ECE0E-4AB3-42AF-98CA-A807E595C536}.Release|x64.Build.0 = Release|x64
		{128ECE0E-4AB3-42AF-98CA-A807E595C536}.Release|x86.ActiveCfg = Release|Win32
		{128ECE0E-4AB3-42AF-98CA-A807E595C536}.Release|x86.Build.0 = Release|Win32
		{2BA34EA3-47E6-4976-88F4-57E0FF9FB8ED}.Debug|x64.ActiveCfg = Debug|x64
		{2BA34EA3-47E6-4976-88F4-57E0FF9FB8ED}.Debug|x64.Build.0 = Debug|x64
		{2BA34EA3-47E6-4976-88F4-57E0FF9FB8ED}.Debug|x86.ActiveCfg = Debug|Win32
		{2BA34EA3-47E6-4976-88F4-57E0FF9FB8ED}.Debug|x86.Build.0 = Debug|Win32
		{2BA34EA3-47E6-4976-88F4-57E0FF9FB8ED}.Release|x64.ActiveCfg = Release|x64
		{2BA34EA3-47E6-4976-88F4-57E0FF9FB8ED}.Release|x64.Build.0 = Release|x64
		{2BA34EA3-47E6-4976-88F4-57E0FF9FB8ED}.Release|x86.ActiveCfg = Release|Win32
		{2BA34EA3-47E6-4976-88F4-57E0FF9FB8ED}.Release|x86.Build.0 = Release|Win32
		{47060401-D289-4EDB-B114-127F7534D578}.Debug|x64.ActiveCfg = Debug|x64
		{47060401-D289-4EDB-B114-127F7534D578}.Debug|x64.Build.0 = Debug|x64
		{47060401-D289-4EDB-B114-127F7534D578}.Debug|x86.ActiveCfg = Debug|Win32
		{47060401-D289-4EDB-B114-127F7534D578}.Debug|x86.Build.0 = Debug|Win32
		{47060401-D289-4EDB-B114-127F7534D578}.Release|x64.ActiveCfg = Release|x64
		{47060401-D289-4EDB-B114-127F7534D578}.Release|x64.Build.0 = Release|x64
		{47060401-D289-4EDB-B114-127F7534D578}.Release|x86.ActiveCfg = Release|Win32
		{47060401-D289-4EDB-B114-127F7534D578}.Release|x86.Build.0 = Release|Win32
		{8D0893F7-D93C-4C63-8E25-06A6199A6865}.Debug|x64.ActiveCfg = Debug|x64
		{8D0893F7-D93C-4C63-8E25-06A6199A6865}.Debug|x64.Build.0 = Debug|x64
		{8D0893F7-D93C-4C63-8E25-06A6199A6865}.Debug|x86.ActiveCfg = Debug|Win32
		{8D0893F7-D93C-4C63-8E25-06A6199A6865}.Debug|x86.Build.0 = Debug|Win32
		{8D0893F7-D93C-4C63-8E25-06A6199A6865}.Release|x64.ActiveCfg = Release|x64
		{8D0893F7-D93C-4C63-8E25-06A6199A6865}.Release|x64.Build.0 = Release|x64
		{8D0893F7-D93C-4C63-8E25-06A6199A6865}.Release|x86.ActiveCfg = Release|Win32
		{8D0893F7-D93C-4C63-8E25-06A6199A6865}.Release|x86.Build.0 = Release|Win32
		{C90ACC10-FAB3-43A9-A6D3-2397B9EE4115}.Debug|x64.ActiveCfg = Debug|x64
		{C90ACC10-FAB3-43A9-A6D3-2397B9EE4115}.Debug|x64.Build.0 = Debug|x64
		{C90ACC10-FAB3-43A9-A6D3-2397B9EE4115}.Debug|x86.ActiveCfg = Debug|Win32
		{C90ACC10-FAB3-43A9-A6D3-2397B9EE4115}.Debug|x86.Build.0 = Debug|Win32
		{C90ACC10-FAB3-43A9-A6D3-2397B9EE4115}.Release|x64.ActiveCfg = Release|x64
		{C90ACC10-FAB3-43A9-A6D3-2397B9EE4115}.Release|x64.Build.0 = Release|x64
		{C90ACC10-FAB3-43A9-A6D3-2397B9EE4115}.Release|x86.ActiveCfg = Release|Win32
		{C90ACC10-FAB3-43A9-A6D3-2397B9EE4115}.Release|x86.Build.0 = Release|Win32
		{8F5A3103-F750-4031-9469-BBBD2EBB5C7A}.Debug|x64.ActiveCfg = Debug|x64
		{8F5A3103-F750-4031-9469-BBBD2EBB5C7A}.Debug|x64.Build.0 = Debug|x64
		{8F5A3103-F750-4031-9469-BBBD2EBB5C7A}.Debug|x86.ActiveCfg = Debug|Win32
		{8F5A3103-F750-4031-9469-BBBD2EBB5C7A}.Debug|x86.Build.0 = Debug|Win32
		{8F5A3103-F750-4031-9469-BBBD2EBB5C7A}.Release|x64.ActiveCfg = Release|x64
		{8F5A3103-F750-4031-9469-BBBD2EBB5C7A}.Release|x64.Build.0 = Release|x64
		{8F5A3103-F750-4031-9469-BBBD2EBB5C7A}.Release|x86.ActiveCfg = Release|Win32
		{8F5A3103-F750-4031-9469-BBBD2EBB5C7A}.Release|x86.Build.0 = Release|Win32
		{AC6CB990-CCC2-4298-9795-991E4A9DD2FC}.Debug|x64.ActiveCfg = Debug|x64
		{AC6CB990-CCC2-4298-9795-991E4A9DD2FC}.Debug|x64.Build.0 = Debug|x64
		{AC6CB990-CCC2-4298-9795-991E4A9DD2FC}.Debug|x86.ActiveCfg = Debug|Win32
		{AC6CB990-CCC2-4298-9795-991E4A9DD2FC}.Debug|x86.Build.0 = Debug|Win32
		{AC6CB990-CCC2-4298-9795-991E4A9DD2FC}.Release|x64.ActiveCfg = Release|x64
		{AC6CB990-CCC2-4298-9795-991E4A9DD2FC}.Release|x64.Build.0 = Release|x64
		{AC6CB990-CCC2-4298-9795-991E4A9DD2FC}.Release|x86.ActiveCfg = Release|Win32
		{AC6CB990-CCC2-4298-9795-991E4A9DD2FC}.Release|x86.Build.0 = Release|Win32
	EndGlobalSection
	GlobalSection(SolutionProperties) = preSolution
		HideSolutionNode = FALSE
	EndGlobalSection
	GlobalSection(ExtensibilityGlobals) = postSolution
		SolutionGuid = {D2D770EB-C6EC-4474-B9AC-0196F0703E8E}
	EndGlobalSection
EndGlobal
