
Microsoft Visual Studio Solution File, Format Version 12.00
# Visual Studio Version 17
VisualStudioVersion = 17.9.34728.123
MinimumVisualStudioVersion = 10.0.40219.1
Project("{8BC9CEB8-8B4A-11D0-8D11-00A0C91BC942}") = "Ej_01", "Ej_1\Ej_1.vcxproj", "{EAD646F0-8FB3-4C3F-9E59-846635FEDCD7}"
EndProject
Project("{8BC9CEB8-8B4A-11D0-8D11-00A0C91BC942}") = "Ej_02", "Ej_2\Ej_2.vcxproj", "{E7939FBF-5CC9-4EDE-A3F4-CA19EB2D0F01}"
EndProject
Project("{2150E333-8FDC-42A3-9474-1A3956D46DE8}") = "AA plantillas", "AA plantillas", "{C3D4ADAE-0727-49FD-968D-A4E524BE9699}"
	ProjectSection(SolutionItems) = preProject
		casosIlimitados.c = casosIlimitados.c
		centinela.c = centinela.c
		numCasos.c = numCasos.c
	EndProjectSection
EndProject
Project("{8BC9CEB8-8B4A-11D0-8D11-00A0C91BC942}") = "Ej_03", "Ej_3\Ej_3.vcxproj", "{232BA8CB-449F-49E7-9FB4-988074B48539}"
EndProject
Project("{8BC9CEB8-8B4A-11D0-8D11-00A0C91BC942}") = "Ej_04", "Ej_4\Ej_4.vcxproj", "{975B92DD-E954-4DA2-AEC4-7B42100FF588}"
EndProject
Project("{8BC9CEB8-8B4A-11D0-8D11-00A0C91BC942}") = "Ej_05", "Ej_5\Ej_5.vcxproj", "{3544668A-3999-408B-A9FB-B89FAD11F63D}"
EndProject
Project("{8BC9CEB8-8B4A-11D0-8D11-00A0C91BC942}") = "EJ_06", "EJ_06\EJ_06.vcxproj", "{9B88DB01-F816-4872-8E22-D9679A180081}"
EndProject
Project("{8BC9CEB8-8B4A-11D0-8D11-00A0C91BC942}") = "Ej_07", "Ej_07\Ej_07.vcxproj", "{1C276956-D2AD-4F48-BC25-C62B5347DB21}"
EndProject
Project("{8BC9CEB8-8B4A-11D0-8D11-00A0C91BC942}") = "Ej_08", "Ej_08\Ej_08.vcxproj", "{A8611039-7F50-4EB8-B504-BF46D899F296}"
EndProject
Project("{8BC9CEB8-8B4A-11D0-8D11-00A0C91BC942}") = "Ej_09", "Ej_09\Ej_09.vcxproj", "{5A2B3326-EB6C-42E2-BB21-F8B0019E26BE}"
EndProject
Project("{8BC9CEB8-8B4A-11D0-8D11-00A0C91BC942}") = "Ej_10", "Ej_10\Ej_10.vcxproj", "{79B31B50-0075-49CA-87F9-8E13B8619427}"
EndProject
Project("{8BC9CEB8-8B4A-11D0-8D11-00A0C91BC942}") = "Ej_11", "Ej_11\Ej_11.vcxproj", "{490B8469-A031-4DF9-B409-1727696023A3}"
EndProject
Global
	GlobalSection(SolutionConfigurationPlatforms) = preSolution
		Debug|x64 = Debug|x64
		Debug|x86 = Debug|x86
		Release|x64 = Release|x64
		Release|x86 = Release|x86
	EndGlobalSection
	GlobalSection(ProjectConfigurationPlatforms) = postSolution
		{EAD646F0-8FB3-4C3F-9E59-846635FEDCD7}.Debug|x64.ActiveCfg = Debug|x64
		{EAD646F0-8FB3-4C3F-9E59-846635FEDCD7}.Debug|x64.Build.0 = Debug|x64
		{EAD646F0-8FB3-4C3F-9E59-846635FEDCD7}.Debug|x86.ActiveCfg = Debug|Win32
		{EAD646F0-8FB3-4C3F-9E59-846635FEDCD7}.Debug|x86.Build.0 = Debug|Win32
		{EAD646F0-8FB3-4C3F-9E59-846635FEDCD7}.Release|x64.ActiveCfg = Release|x64
		{EAD646F0-8FB3-4C3F-9E59-846635FEDCD7}.Release|x64.Build.0 = Release|x64
		{EAD646F0-8FB3-4C3F-9E59-846635FEDCD7}.Release|x86.ActiveCfg = Release|Win32
		{EAD646F0-8FB3-4C3F-9E59-846635FEDCD7}.Release|x86.Build.0 = Release|Win32
		{E7939FBF-5CC9-4EDE-A3F4-CA19EB2D0F01}.Debug|x64.ActiveCfg = Debug|x64
		{E7939FBF-5CC9-4EDE-A3F4-CA19EB2D0F01}.Debug|x64.Build.0 = Debug|x64
		{E7939FBF-5CC9-4EDE-A3F4-CA19EB2D0F01}.Debug|x86.ActiveCfg = Debug|Win32
		{E7939FBF-5CC9-4EDE-A3F4-CA19EB2D0F01}.Debug|x86.Build.0 = Debug|Win32
		{E7939FBF-5CC9-4EDE-A3F4-CA19EB2D0F01}.Release|x64.ActiveCfg = Release|x64
		{E7939FBF-5CC9-4EDE-A3F4-CA19EB2D0F01}.Release|x64.Build.0 = Release|x64
		{E7939FBF-5CC9-4EDE-A3F4-CA19EB2D0F01}.Release|x86.ActiveCfg = Release|Win32
		{E7939FBF-5CC9-4EDE-A3F4-CA19EB2D0F01}.Release|x86.Build.0 = Release|Win32
		{232BA8CB-449F-49E7-9FB4-988074B48539}.Debug|x64.ActiveCfg = Debug|x64
		{232BA8CB-449F-49E7-9FB4-988074B48539}.Debug|x64.Build.0 = Debug|x64
		{232BA8CB-449F-49E7-9FB4-988074B48539}.Debug|x86.ActiveCfg = Debug|Win32
		{232BA8CB-449F-49E7-9FB4-988074B48539}.Debug|x86.Build.0 = Debug|Win32
		{232BA8CB-449F-49E7-9FB4-988074B48539}.Release|x64.ActiveCfg = Release|x64
		{232BA8CB-449F-49E7-9FB4-988074B48539}.Release|x64.Build.0 = Release|x64
		{232BA8CB-449F-49E7-9FB4-988074B48539}.Release|x86.ActiveCfg = Release|Win32
		{232BA8CB-449F-49E7-9FB4-988074B48539}.Release|x86.Build.0 = Release|Win32
		{975B92DD-E954-4DA2-AEC4-7B42100FF588}.Debug|x64.ActiveCfg = Debug|x64
		{975B92DD-E954-4DA2-AEC4-7B42100FF588}.Debug|x64.Build.0 = Debug|x64
		{975B92DD-E954-4DA2-AEC4-7B42100FF588}.Debug|x86.ActiveCfg = Debug|Win32
		{975B92DD-E954-4DA2-AEC4-7B42100FF588}.Debug|x86.Build.0 = Debug|Win32
		{975B92DD-E954-4DA2-AEC4-7B42100FF588}.Release|x64.ActiveCfg = Release|x64
		{975B92DD-E954-4DA2-AEC4-7B42100FF588}.Release|x64.Build.0 = Release|x64
		{975B92DD-E954-4DA2-AEC4-7B42100FF588}.Release|x86.ActiveCfg = Release|Win32
		{975B92DD-E954-4DA2-AEC4-7B42100FF588}.Release|x86.Build.0 = Release|Win32
		{3544668A-3999-408B-A9FB-B89FAD11F63D}.Debug|x64.ActiveCfg = Debug|x64
		{3544668A-3999-408B-A9FB-B89FAD11F63D}.Debug|x64.Build.0 = Debug|x64
		{3544668A-3999-408B-A9FB-B89FAD11F63D}.Debug|x86.ActiveCfg = Debug|Win32
		{3544668A-3999-408B-A9FB-B89FAD11F63D}.Debug|x86.Build.0 = Debug|Win32
		{3544668A-3999-408B-A9FB-B89FAD11F63D}.Release|x64.ActiveCfg = Release|x64
		{3544668A-3999-408B-A9FB-B89FAD11F63D}.Release|x64.Build.0 = Release|x64
		{3544668A-3999-408B-A9FB-B89FAD11F63D}.Release|x86.ActiveCfg = Release|Win32
		{3544668A-3999-408B-A9FB-B89FAD11F63D}.Release|x86.Build.0 = Release|Win32
		{9B88DB01-F816-4872-8E22-D9679A180081}.Debug|x64.ActiveCfg = Debug|x64
		{9B88DB01-F816-4872-8E22-D9679A180081}.Debug|x64.Build.0 = Debug|x64
		{9B88DB01-F816-4872-8E22-D9679A180081}.Debug|x86.ActiveCfg = Debug|Win32
		{9B88DB01-F816-4872-8E22-D9679A180081}.Debug|x86.Build.0 = Debug|Win32
		{9B88DB01-F816-4872-8E22-D9679A180081}.Release|x64.ActiveCfg = Release|x64
		{9B88DB01-F816-4872-8E22-D9679A180081}.Release|x64.Build.0 = Release|x64
		{9B88DB01-F816-4872-8E22-D9679A180081}.Release|x86.ActiveCfg = Release|Win32
		{9B88DB01-F816-4872-8E22-D9679A180081}.Release|x86.Build.0 = Release|Win32
		{1C276956-D2AD-4F48-BC25-C62B5347DB21}.Debug|x64.ActiveCfg = Debug|x64
		{1C276956-D2AD-4F48-BC25-C62B5347DB21}.Debug|x64.Build.0 = Debug|x64
		{1C276956-D2AD-4F48-BC25-C62B5347DB21}.Debug|x86.ActiveCfg = Debug|Win32
		{1C276956-D2AD-4F48-BC25-C62B5347DB21}.Debug|x86.Build.0 = Debug|Win32
		{1C276956-D2AD-4F48-BC25-C62B5347DB21}.Release|x64.ActiveCfg = Release|x64
		{1C276956-D2AD-4F48-BC25-C62B5347DB21}.Release|x64.Build.0 = Release|x64
		{1C276956-D2AD-4F48-BC25-C62B5347DB21}.Release|x86.ActiveCfg = Release|Win32
		{1C276956-D2AD-4F48-BC25-C62B5347DB21}.Release|x86.Build.0 = Release|Win32
		{A8611039-7F50-4EB8-B504-BF46D899F296}.Debug|x64.ActiveCfg = Debug|x64
		{A8611039-7F50-4EB8-B504-BF46D899F296}.Debug|x64.Build.0 = Debug|x64
		{A8611039-7F50-4EB8-B504-BF46D899F296}.Debug|x86.ActiveCfg = Debug|Win32
		{A8611039-7F50-4EB8-B504-BF46D899F296}.Debug|x86.Build.0 = Debug|Win32
		{A8611039-7F50-4EB8-B504-BF46D899F296}.Release|x64.ActiveCfg = Release|x64
		{A8611039-7F50-4EB8-B504-BF46D899F296}.Release|x64.Build.0 = Release|x64
		{A8611039-7F50-4EB8-B504-BF46D899F296}.Release|x86.ActiveCfg = Release|Win32
		{A8611039-7F50-4EB8-B504-BF46D899F296}.Release|x86.Build.0 = Release|Win32
		{5A2B3326-EB6C-42E2-BB21-F8B0019E26BE}.Debug|x64.ActiveCfg = Debug|x64
		{5A2B3326-EB6C-42E2-BB21-F8B0019E26BE}.Debug|x64.Build.0 = Debug|x64
		{5A2B3326-EB6C-42E2-BB21-F8B0019E26BE}.Debug|x86.ActiveCfg = Debug|Win32
		{5A2B3326-EB6C-42E2-BB21-F8B0019E26BE}.Debug|x86.Build.0 = Debug|Win32
		{5A2B3326-EB6C-42E2-BB21-F8B0019E26BE}.Release|x64.ActiveCfg = Release|x64
		{5A2B3326-EB6C-42E2-BB21-F8B0019E26BE}.Release|x64.Build.0 = Release|x64
		{5A2B3326-EB6C-42E2-BB21-F8B0019E26BE}.Release|x86.ActiveCfg = Release|Win32
		{5A2B3326-EB6C-42E2-BB21-F8B0019E26BE}.Release|x86.Build.0 = Release|Win32
		{79B31B50-0075-49CA-87F9-8E13B8619427}.Debug|x64.ActiveCfg = Debug|x64
		{79B31B50-0075-49CA-87F9-8E13B8619427}.Debug|x64.Build.0 = Debug|x64
		{79B31B50-0075-49CA-87F9-8E13B8619427}.Debug|x86.ActiveCfg = Debug|Win32
		{79B31B50-0075-49CA-87F9-8E13B8619427}.Debug|x86.Build.0 = Debug|Win32
		{79B31B50-0075-49CA-87F9-8E13B8619427}.Release|x64.ActiveCfg = Release|x64
		{79B31B50-0075-49CA-87F9-8E13B8619427}.Release|x64.Build.0 = Release|x64
		{79B31B50-0075-49CA-87F9-8E13B8619427}.Release|x86.ActiveCfg = Release|Win32
		{79B31B50-0075-49CA-87F9-8E13B8619427}.Release|x86.Build.0 = Release|Win32
		{490B8469-A031-4DF9-B409-1727696023A3}.Debug|x64.ActiveCfg = Debug|x64
		{490B8469-A031-4DF9-B409-1727696023A3}.Debug|x64.Build.0 = Debug|x64
		{490B8469-A031-4DF9-B409-1727696023A3}.Debug|x86.ActiveCfg = Debug|Win32
		{490B8469-A031-4DF9-B409-1727696023A3}.Debug|x86.Build.0 = Debug|Win32
		{490B8469-A031-4DF9-B409-1727696023A3}.Release|x64.ActiveCfg = Release|x64
		{490B8469-A031-4DF9-B409-1727696023A3}.Release|x64.Build.0 = Release|x64
		{490B8469-A031-4DF9-B409-1727696023A3}.Release|x86.ActiveCfg = Release|Win32
		{490B8469-A031-4DF9-B409-1727696023A3}.Release|x86.Build.0 = Release|Win32
	EndGlobalSection
	GlobalSection(SolutionProperties) = preSolution
		HideSolutionNode = FALSE
	EndGlobalSection
	GlobalSection(ExtensibilityGlobals) = postSolution
		SolutionGuid = {D2D770EB-C6EC-4474-B9AC-0196F0703E8E}
	EndGlobalSection
EndGlobal
